
Microsoft Visual Studio Solution File, Format Version 12.00
# Visual Studio Version 17
VisualStudioVersion = 17.8.34330.188
MinimumVisualStudioVersion = 10.0.40219.1
Project("{2150E333-8FDC-42A3-9474-1A3956D46DE8}") = "FrontEnd", "FrontEnd", "{9B8CFCDE-20DC-4075-927F-79C83B3D61A9}"
EndProject
Project("{2150E333-8FDC-42A3-9474-1A3956D46DE8}") = "Gateway", "Gateway", "{243283BF-BC72-43D0-A105-C11F33CBFE4F}"
EndProject
Project("{2150E333-8FDC-42A3-9474-1A3956D46DE8}") = "Integration", "Integration", "{EEABB769-F2AF-4578-8F76-FF889606E884}"
EndProject
Project("{2150E333-8FDC-42A3-9474-1A3956D46DE8}") = "Services", "Services", "{CA2A5D16-BDA6-44F6-8406-0D31053CB8F5}"
EndProject
Project("{9A19103F-16F7-4668-BE54-9A1E7A4F7556}") = "Mango.Services.CouponAPI", "..\Mango.Services.CouponAPI\Mango.Services.CouponAPI.csproj", "{6337AB13-D752-40FF-969F-A3A6A7BAD8F6}"
EndProject
Project("{9A19103F-16F7-4668-BE54-9A1E7A4F7556}") = "Mango.Web", "Mango.Web\Mango.Web.csproj", "{2737F3A2-C15E-451C-9BA5-3B17A97E1747}"
EndProject
Project("{9A19103F-16F7-4668-BE54-9A1E7A4F7556}") = "Mango.Services.AuthAPI", "Mango.Services.AuthAPI\Mango.Services.AuthAPI.csproj", "{2CD0C944-01DE-44A4-A653-76F2BF1AA679}"
EndProject
Project("{9A19103F-16F7-4668-BE54-9A1E7A4F7556}") = "Mango.Services.ProductAPI", "Mango.Services.ProductAPI\Mango.Services.ProductAPI.csproj", "{D2F52414-C952-424A-AC23-6C766A1C132B}"
EndProject
Project("{9A19103F-16F7-4668-BE54-9A1E7A4F7556}") = "Mango.Services.ShoppingCartAPI", "Mango.Services.ShoppingCartAPI\Mango.Services.ShoppingCartAPI.csproj", "{F5FF0A4B-6292-4BD5-9EBD-9A0C77B1CB10}"
EndProject
Project("{9A19103F-16F7-4668-BE54-9A1E7A4F7556}") = "Mango.Gateway.APIGateway", "Mango.Gateway.APIGateway\Mango.Gateway.APIGateway.csproj", "{BBE94EC7-F0BF-4004-AFC5-136AF478B114}"
EndProject
Project("{2150E333-8FDC-42A3-9474-1A3956D46DE8}") = "Clean Architecture", "Clean Architecture", "{CA21AB9C-C3C2-465A-BF9F-0B81DE847476}"
EndProject
Project("{2150E333-8FDC-42A3-9474-1A3956D46DE8}") = "Core", "Core", "{0B6A9F32-5CFF-4E4C-843D-51D7A275B125}"
EndProject
Project("{2150E333-8FDC-42A3-9474-1A3956D46DE8}") = "Infrastructure", "Infrastructure", "{E0398480-9190-4AD2-BC60-DAC2D1AFC506}"
EndProject
Project("{2150E333-8FDC-42A3-9474-1A3956D46DE8}") = "Presentation", "Presentation", "{33535B26-70B4-45B6-A121-2311ECA16506}"
EndProject
Project("{9A19103F-16F7-4668-BE54-9A1E7A4F7556}") = "Domain", "Domain\Domain.csproj", "{D577A275-A909-44AC-BF61-F14986751FB9}"
EndProject
Project("{9A19103F-16F7-4668-BE54-9A1E7A4F7556}") = "Application", "Application\Application.csproj", "{F2DDFDCC-77B0-4390-8C45-D5550434A039}"
EndProject
Project("{9A19103F-16F7-4668-BE54-9A1E7A4F7556}") = "Database", "Database\Database.csproj", "{4B9348DD-D4E7-4628-8EE8-8A1B890BF5BB}"
EndProject
Project("{9A19103F-16F7-4668-BE54-9A1E7A4F7556}") = "WebApi", "WebApi\WebApi.csproj", "{91F35F46-F798-4396-AC96-E013B970891B}"
EndProject
Project("{FAE04EC0-301F-11D3-BF4B-00C04F79EFBC}") = "Mango.Services.CatalogAPI", "Mango.Services.CatalogAPI\Mango.Services.CatalogAPI.csproj", "{DCD5E01C-664E-4308-99CE-DA2FC904F5A7}"
EndProject
Global
	GlobalSection(SolutionConfigurationPlatforms) = preSolution
		Debug|Any CPU = Debug|Any CPU
		Release|Any CPU = Release|Any CPU
	EndGlobalSection
	GlobalSection(ProjectConfigurationPlatforms) = postSolution
		{6337AB13-D752-40FF-969F-A3A6A7BAD8F6}.Debug|Any CPU.ActiveCfg = Debug|Any CPU
		{6337AB13-D752-40FF-969F-A3A6A7BAD8F6}.Debug|Any CPU.Build.0 = Debug|Any CPU
		{6337AB13-D752-40FF-969F-A3A6A7BAD8F6}.Release|Any CPU.ActiveCfg = Release|Any CPU
		{6337AB13-D752-40FF-969F-A3A6A7BAD8F6}.Release|Any CPU.Build.0 = Release|Any CPU
		{2737F3A2-C15E-451C-9BA5-3B17A97E1747}.Debug|Any CPU.ActiveCfg = Debug|Any CPU
		{2737F3A2-C15E-451C-9BA5-3B17A97E1747}.Debug|Any CPU.Build.0 = Debug|Any CPU
		{2737F3A2-C15E-451C-9BA5-3B17A97E1747}.Release|Any CPU.ActiveCfg = Release|Any CPU
		{2737F3A2-C15E-451C-9BA5-3B17A97E1747}.Release|Any CPU.Build.0 = Release|Any CPU
		{2CD0C944-01DE-44A4-A653-76F2BF1AA679}.Debug|Any CPU.ActiveCfg = Debug|Any CPU
		{2CD0C944-01DE-44A4-A653-76F2BF1AA679}.Debug|Any CPU.Build.0 = Debug|Any CPU
		{2CD0C944-01DE-44A4-A653-76F2BF1AA679}.Release|Any CPU.ActiveCfg = Release|Any CPU
		{2CD0C944-01DE-44A4-A653-76F2BF1AA679}.Release|Any CPU.Build.0 = Release|Any CPU
		{D2F52414-C952-424A-AC23-6C766A1C132B}.Debug|Any CPU.ActiveCfg = Debug|Any CPU
		{D2F52414-C952-424A-AC23-6C766A1C132B}.Debug|Any CPU.Build.0 = Debug|Any CPU
		{D2F52414-C952-424A-AC23-6C766A1C132B}.Release|Any CPU.ActiveCfg = Release|Any CPU
		{D2F52414-C952-424A-AC23-6C766A1C132B}.Release|Any CPU.Build.0 = Release|Any CPU
		{F5FF0A4B-6292-4BD5-9EBD-9A0C77B1CB10}.Debug|Any CPU.ActiveCfg = Debug|Any CPU
		{F5FF0A4B-6292-4BD5-9EBD-9A0C77B1CB10}.Debug|Any CPU.Build.0 = Debug|Any CPU
		{F5FF0A4B-6292-4BD5-9EBD-9A0C77B1CB10}.Release|Any CPU.ActiveCfg = Release|Any CPU
		{F5FF0A4B-6292-4BD5-9EBD-9A0C77B1CB10}.Release|Any CPU.Build.0 = Release|Any CPU
		{BBE94EC7-F0BF-4004-AFC5-136AF478B114}.Debug|Any CPU.ActiveCfg = Debug|Any CPU
		{BBE94EC7-F0BF-4004-AFC5-136AF478B114}.Debug|Any CPU.Build.0 = Debug|Any CPU
		{BBE94EC7-F0BF-4004-AFC5-136AF478B114}.Release|Any CPU.ActiveCfg = Release|Any CPU
		{BBE94EC7-F0BF-4004-AFC5-136AF478B114}.Release|Any CPU.Build.0 = Release|Any CPU
		{D577A275-A909-44AC-BF61-F14986751FB9}.Debug|Any CPU.ActiveCfg = Debug|Any CPU
		{D577A275-A909-44AC-BF61-F14986751FB9}.Debug|Any CPU.Build.0 = Debug|Any CPU
		{D577A275-A909-44AC-BF61-F14986751FB9}.Release|Any CPU.ActiveCfg = Release|Any CPU
		{D577A275-A909-44AC-BF61-F14986751FB9}.Release|Any CPU.Build.0 = Release|Any CPU
		{F2DDFDCC-77B0-4390-8C45-D5550434A039}.Debug|Any CPU.ActiveCfg = Debug|Any CPU
		{F2DDFDCC-77B0-4390-8C45-D5550434A039}.Debug|Any CPU.Build.0 = Debug|Any CPU
		{F2DDFDCC-77B0-4390-8C45-D5550434A039}.Release|Any CPU.ActiveCfg = Release|Any CPU
		{F2DDFDCC-77B0-4390-8C45-D5550434A039}.Release|Any CPU.Build.0 = Release|Any CPU
		{4B9348DD-D4E7-4628-8EE8-8A1B890BF5BB}.Debug|Any CPU.ActiveCfg = Debug|Any CPU
		{4B9348DD-D4E7-4628-8EE8-8A1B890BF5BB}.Debug|Any CPU.Build.0 = Debug|Any CPU
		{4B9348DD-D4E7-4628-8EE8-8A1B890BF5BB}.Release|Any CPU.ActiveCfg = Release|Any CPU
		{4B9348DD-D4E7-4628-8EE8-8A1B890BF5BB}.Release|Any CPU.Build.0 = Release|Any CPU
		{91F35F46-F798-4396-AC96-E013B970891B}.Debug|Any CPU.ActiveCfg = Debug|Any CPU
		{91F35F46-F798-4396-AC96-E013B970891B}.Debug|Any CPU.Build.0 = Debug|Any CPU
		{91F35F46-F798-4396-AC96-E013B970891B}.Release|Any CPU.ActiveCfg = Release|Any CPU
		{91F35F46-F798-4396-AC96-E013B970891B}.Release|Any CPU.Build.0 = Release|Any CPU
		{DCD5E01C-664E-4308-99CE-DA2FC904F5A7}.Debug|Any CPU.ActiveCfg = Debug|Any CPU
		{DCD5E01C-664E-4308-99CE-DA2FC904F5A7}.Debug|Any CPU.Build.0 = Debug|Any CPU
		{DCD5E01C-664E-4308-99CE-DA2FC904F5A7}.Release|Any CPU.ActiveCfg = Release|Any CPU
		{DCD5E01C-664E-4308-99CE-DA2FC904F5A7}.Release|Any CPU.Build.0 = Release|Any CPU
	EndGlobalSection
	GlobalSection(SolutionProperties) = preSolution
		HideSolutionNode = FALSE
	EndGlobalSection
	GlobalSection(NestedProjects) = preSolution
		{6337AB13-D752-40FF-969F-A3A6A7BAD8F6} = {CA2A5D16-BDA6-44F6-8406-0D31053CB8F5}
		{2737F3A2-C15E-451C-9BA5-3B17A97E1747} = {9B8CFCDE-20DC-4075-927F-79C83B3D61A9}
		{2CD0C944-01DE-44A4-A653-76F2BF1AA679} = {CA2A5D16-BDA6-44F6-8406-0D31053CB8F5}
		{D2F52414-C952-424A-AC23-6C766A1C132B} = {CA2A5D16-BDA6-44F6-8406-0D31053CB8F5}
		{F5FF0A4B-6292-4BD5-9EBD-9A0C77B1CB10} = {CA2A5D16-BDA6-44F6-8406-0D31053CB8F5}
		{BBE94EC7-F0BF-4004-AFC5-136AF478B114} = {243283BF-BC72-43D0-A105-C11F33CBFE4F}
		{0B6A9F32-5CFF-4E4C-843D-51D7A275B125} = {CA21AB9C-C3C2-465A-BF9F-0B81DE847476}
		{E0398480-9190-4AD2-BC60-DAC2D1AFC506} = {CA21AB9C-C3C2-465A-BF9F-0B81DE847476}
		{33535B26-70B4-45B6-A121-2311ECA16506} = {CA21AB9C-C3C2-465A-BF9F-0B81DE847476}
		{D577A275-A909-44AC-BF61-F14986751FB9} = {0B6A9F32-5CFF-4E4C-843D-51D7A275B125}
		{F2DDFDCC-77B0-4390-8C45-D5550434A039} = {0B6A9F32-5CFF-4E4C-843D-51D7A275B125}
		{4B9348DD-D4E7-4628-8EE8-8A1B890BF5BB} = {E0398480-9190-4AD2-BC60-DAC2D1AFC506}
		{91F35F46-F798-4396-AC96-E013B970891B} = {33535B26-70B4-45B6-A121-2311ECA16506}
		{DCD5E01C-664E-4308-99CE-DA2FC904F5A7} = {CA2A5D16-BDA6-44F6-8406-0D31053CB8F5}
	EndGlobalSection
	GlobalSection(ExtensibilityGlobals) = postSolution
		SolutionGuid = {E0688594-0499-45F7-851A-8094AE152B9A}
	EndGlobalSection
EndGlobal
